// !$*UTF8*$!
{
	archiveVersion = 1;
	classes = {
	};
	objectVersion = 50;
	objects = {

/* Begin PBXBuildFile section */
		0776DAD598B250D5E72F9D2C /* Pods_IMKB_Stocks_Indices.framework in Frameworks */ = {isa = PBXBuildFile; fileRef = 55D15616F7B35857C0C05A66 /* Pods_IMKB_Stocks_Indices.framework */; };
		B5F95CAB2642D2330078B38A /* AppDelegate.swift in Sources */ = {isa = PBXBuildFile; fileRef = B5F95CAA2642D2330078B38A /* AppDelegate.swift */; };
		B5F95CAD2642D2330078B38A /* SceneDelegate.swift in Sources */ = {isa = PBXBuildFile; fileRef = B5F95CAC2642D2330078B38A /* SceneDelegate.swift */; };
		B5F95CAF2642D2330078B38A /* OnboardingVC.swift in Sources */ = {isa = PBXBuildFile; fileRef = B5F95CAE2642D2330078B38A /* OnboardingVC.swift */; };
		B5F95CB22642D2330078B38A /* Main.storyboard in Resources */ = {isa = PBXBuildFile; fileRef = B5F95CB02642D2330078B38A /* Main.storyboard */; };
		B5F95CB42642D2360078B38A /* Assets.xcassets in Resources */ = {isa = PBXBuildFile; fileRef = B5F95CB32642D2360078B38A /* Assets.xcassets */; };
		B5F95CB72642D2360078B38A /* LaunchScreen.storyboard in Resources */ = {isa = PBXBuildFile; fileRef = B5F95CB52642D2360078B38A /* LaunchScreen.storyboard */; };
		B5F95CC62642D5030078B38A /* AppCoordinator.swift in Sources */ = {isa = PBXBuildFile; fileRef = B5F95CC52642D5030078B38A /* AppCoordinator.swift */; };
		B5F95CC82642D8110078B38A /* UIView+Extensions.swift in Sources */ = {isa = PBXBuildFile; fileRef = B5F95CC72642D8110078B38A /* UIView+Extensions.swift */; };
		B5F95CCA2642E01F0078B38A /* MainVC.swift in Sources */ = {isa = PBXBuildFile; fileRef = B5F95CC92642E01F0078B38A /* MainVC.swift */; };
		B5F95CCE2642EE5D0078B38A /* SearchResultsVC.swift in Sources */ = {isa = PBXBuildFile; fileRef = B5F95CCD2642EE5D0078B38A /* SearchResultsVC.swift */; };
		B5F95CD0264312440078B38A /* TestVC.swift in Sources */ = {isa = PBXBuildFile; fileRef = B5F95CCF264312440078B38A /* TestVC.swift */; };
		B5F95CD326431ACC0078B38A /* StocksTableViewCell.swift in Sources */ = {isa = PBXBuildFile; fileRef = B5F95CD226431ACC0078B38A /* StocksTableViewCell.swift */; };
		B5F95CD826432A2A0078B38A /* DetailsVC.swift in Sources */ = {isa = PBXBuildFile; fileRef = B5F95CD726432A2A0078B38A /* DetailsVC.swift */; };
		B5F95CDA26432B580078B38A /* DetailsInfoView.swift in Sources */ = {isa = PBXBuildFile; fileRef = B5F95CD926432B580078B38A /* DetailsInfoView.swift */; };
/* End PBXBuildFile section */

/* Begin PBXFileReference section */
		55D15616F7B35857C0C05A66 /* Pods_IMKB_Stocks_Indices.framework */ = {isa = PBXFileReference; explicitFileType = wrapper.framework; includeInIndex = 0; path = Pods_IMKB_Stocks_Indices.framework; sourceTree = BUILT_PRODUCTS_DIR; };
		B5F95CA72642D2330078B38A /* IMKB_Stocks_Indices.app */ = {isa = PBXFileReference; explicitFileType = wrapper.application; includeInIndex = 0; path = IMKB_Stocks_Indices.app; sourceTree = BUILT_PRODUCTS_DIR; };
		B5F95CAA2642D2330078B38A /* AppDelegate.swift */ = {isa = PBXFileReference; lastKnownFileType = sourcecode.swift; path = AppDelegate.swift; sourceTree = "<group>"; };
		B5F95CAC2642D2330078B38A /* SceneDelegate.swift */ = {isa = PBXFileReference; lastKnownFileType = sourcecode.swift; path = SceneDelegate.swift; sourceTree = "<group>"; };
		B5F95CAE2642D2330078B38A /* OnboardingVC.swift */ = {isa = PBXFileReference; lastKnownFileType = sourcecode.swift; path = OnboardingVC.swift; sourceTree = "<group>"; };
		B5F95CB12642D2330078B38A /* Base */ = {isa = PBXFileReference; lastKnownFileType = file.storyboard; name = Base; path = Base.lproj/Main.storyboard; sourceTree = "<group>"; };
		B5F95CB32642D2360078B38A /* Assets.xcassets */ = {isa = PBXFileReference; lastKnownFileType = folder.assetcatalog; path = Assets.xcassets; sourceTree = "<group>"; };
		B5F95CB62642D2360078B38A /* Base */ = {isa = PBXFileReference; lastKnownFileType = file.storyboard; name = Base; path = Base.lproj/LaunchScreen.storyboard; sourceTree = "<group>"; };
		B5F95CB82642D2360078B38A /* Info.plist */ = {isa = PBXFileReference; lastKnownFileType = text.plist.xml; path = Info.plist; sourceTree = "<group>"; };
		B5F95CC52642D5030078B38A /* AppCoordinator.swift */ = {isa = PBXFileReference; lastKnownFileType = sourcecode.swift; path = AppCoordinator.swift; sourceTree = "<group>"; };
		B5F95CC72642D8110078B38A /* UIView+Extensions.swift */ = {isa = PBXFileReference; lastKnownFileType = sourcecode.swift; path = "UIView+Extensions.swift"; sourceTree = "<group>"; };
		B5F95CC92642E01F0078B38A /* MainVC.swift */ = {isa = PBXFileReference; lastKnownFileType = sourcecode.swift; path = MainVC.swift; sourceTree = "<group>"; };
		B5F95CCD2642EE5D0078B38A /* SearchResultsVC.swift */ = {isa = PBXFileReference; lastKnownFileType = sourcecode.swift; path = SearchResultsVC.swift; sourceTree = "<group>"; };
		B5F95CCF264312440078B38A /* TestVC.swift */ = {isa = PBXFileReference; lastKnownFileType = sourcecode.swift; path = TestVC.swift; sourceTree = "<group>"; };
		B5F95CD226431ACC0078B38A /* StocksTableViewCell.swift */ = {isa = PBXFileReference; lastKnownFileType = sourcecode.swift; path = StocksTableViewCell.swift; sourceTree = "<group>"; };
		B5F95CD726432A2A0078B38A /* DetailsVC.swift */ = {isa = PBXFileReference; lastKnownFileType = sourcecode.swift; path = DetailsVC.swift; sourceTree = "<group>"; };
		B5F95CD926432B580078B38A /* DetailsInfoView.swift */ = {isa = PBXFileReference; lastKnownFileType = sourcecode.swift; path = DetailsInfoView.swift; sourceTree = "<group>"; };
		DC99289199F2FE4A763E04A6 /* Pods-IMKB_Stocks_Indices.debug.xcconfig */ = {isa = PBXFileReference; includeInIndex = 1; lastKnownFileType = text.xcconfig; name = "Pods-IMKB_Stocks_Indices.debug.xcconfig"; path = "Target Support Files/Pods-IMKB_Stocks_Indices/Pods-IMKB_Stocks_Indices.debug.xcconfig"; sourceTree = "<group>"; };
		FD0D17AFD5D27F2571EA4534 /* Pods-IMKB_Stocks_Indices.release.xcconfig */ = {isa = PBXFileReference; includeInIndex = 1; lastKnownFileType = text.xcconfig; name = "Pods-IMKB_Stocks_Indices.release.xcconfig"; path = "Target Support Files/Pods-IMKB_Stocks_Indices/Pods-IMKB_Stocks_Indices.release.xcconfig"; sourceTree = "<group>"; };
/* End PBXFileReference section */

/* Begin PBXFrameworksBuildPhase section */
		B5F95CA42642D2330078B38A /* Frameworks */ = {
			isa = PBXFrameworksBuildPhase;
			buildActionMask = 2147483647;
			files = (
				0776DAD598B250D5E72F9D2C /* Pods_IMKB_Stocks_Indices.framework in Frameworks */,
			);
			runOnlyForDeploymentPostprocessing = 0;
		};
/* End PBXFrameworksBuildPhase section */

/* Begin PBXGroup section */
		4614CAB216A9E09E97A12FAC /* Pods */ = {
			isa = PBXGroup;
			children = (
				DC99289199F2FE4A763E04A6 /* Pods-IMKB_Stocks_Indices.debug.xcconfig */,
				FD0D17AFD5D27F2571EA4534 /* Pods-IMKB_Stocks_Indices.release.xcconfig */,
			);
			name = Pods;
			path = Pods;
			sourceTree = "<group>";
		};
		5867038E2F03C0B16B2421B2 /* Frameworks */ = {
			isa = PBXGroup;
			children = (
				55D15616F7B35857C0C05A66 /* Pods_IMKB_Stocks_Indices.framework */,
			);
			name = Frameworks;
			sourceTree = "<group>";
		};
		B5F95C9E2642D2330078B38A = {
			isa = PBXGroup;
			children = (
				B5F95CA92642D2330078B38A /* IMKB_Stocks_Indices */,
				B5F95CA82642D2330078B38A /* Products */,
				4614CAB216A9E09E97A12FAC /* Pods */,
				5867038E2F03C0B16B2421B2 /* Frameworks */,
			);
			sourceTree = "<group>";
		};
		B5F95CA82642D2330078B38A /* Products */ = {
			isa = PBXGroup;
			children = (
				B5F95CA72642D2330078B38A /* IMKB_Stocks_Indices.app */,
			);
			name = Products;
			sourceTree = "<group>";
		};
		B5F95CA92642D2330078B38A /* IMKB_Stocks_Indices */ = {
			isa = PBXGroup;
			children = (
				B5F95CBE2642D3B90078B38A /* Controller */,
				B5F95CC42642D4650078B38A /* Managers */,
				B5F95CC32642D4290078B38A /* Support Files */,
				B5F95CC22642D4170078B38A /* Extensions */,
				B5F95CC12642D4100078B38A /* Models */,
				B5F95CC02642D40A0078B38A /* Views */,
				B5F95CBF2642D3EE0078B38A /* Resources */,
			);
			path = IMKB_Stocks_Indices;
			sourceTree = "<group>";
		};
		B5F95CBE2642D3B90078B38A /* Controller */ = {
			isa = PBXGroup;
			children = (
				B5F95CD626432A0F0078B38A /* Core */,
				B5F95CD526432A020078B38A /* Other */,
			);
			path = Controller;
			sourceTree = "<group>";
		};
		B5F95CBF2642D3EE0078B38A /* Resources */ = {
			isa = PBXGroup;
			children = (
				B5F95CAC2642D2330078B38A /* SceneDelegate.swift */,
				B5F95CAA2642D2330078B38A /* AppDelegate.swift */,
				B5F95CC52642D5030078B38A /* AppCoordinator.swift */,
			);
			path = Resources;
			sourceTree = "<group>";
		};
		B5F95CC02642D40A0078B38A /* Views */ = {
			isa = PBXGroup;
			children = (
				B5F95CD126431AA80078B38A /* Cells */,
				B5F95CB32642D2360078B38A /* Assets.xcassets */,
				B5F95CB52642D2360078B38A /* LaunchScreen.storyboard */,
				B5F95CB02642D2330078B38A /* Main.storyboard */,
			);
			path = Views;
			sourceTree = "<group>";
		};
		B5F95CC12642D4100078B38A /* Models */ = {
			isa = PBXGroup;
			children = (
			);
			path = Models;
			sourceTree = "<group>";
		};
		B5F95CC22642D4170078B38A /* Extensions */ = {
			isa = PBXGroup;
			children = (
				B5F95CC72642D8110078B38A /* UIView+Extensions.swift */,
			);
			path = Extensions;
			sourceTree = "<group>";
		};
		B5F95CC32642D4290078B38A /* Support Files */ = {
			isa = PBXGroup;
			children = (
				B5F95CB82642D2360078B38A /* Info.plist */,
			);
			path = "Support Files";
			sourceTree = "<group>";
		};
		B5F95CC42642D4650078B38A /* Managers */ = {
			isa = PBXGroup;
			children = (
			);
			path = Managers;
			sourceTree = "<group>";
		};
		B5F95CD126431AA80078B38A /* Cells */ = {
			isa = PBXGroup;
			children = (
				B5F95CD226431ACC0078B38A /* StocksTableViewCell.swift */,
			);
			path = Cells;
			sourceTree = "<group>";
		};
		B5F95CD526432A020078B38A /* Other */ = {
			isa = PBXGroup;
			children = (
				B5F95CCF264312440078B38A /* TestVC.swift */,
				B5F95CCD2642EE5D0078B38A /* SearchResultsVC.swift */,
				B5F95CAE2642D2330078B38A /* OnboardingVC.swift */,
				B5F95CD726432A2A0078B38A /* DetailsVC.swift */,
				B5F95CD926432B580078B38A /* DetailsInfoView.swift */,
			);
			path = Other;
			sourceTree = "<group>";
		};
		B5F95CD626432A0F0078B38A /* Core */ = {
			isa = PBXGroup;
			children = (
				B5F95CC92642E01F0078B38A /* MainVC.swift */,
			);
			path = Core;
			sourceTree = "<group>";
		};
/* End PBXGroup section */

/* Begin PBXNativeTarget section */
		B5F95CA62642D2330078B38A /* IMKB_Stocks_Indices */ = {
			isa = PBXNativeTarget;
			buildConfigurationList = B5F95CBB2642D2360078B38A /* Build configuration list for PBXNativeTarget "IMKB_Stocks_Indices" */;
			buildPhases = (
				3A1DB11B7628D9F18F08D914 /* [CP] Check Pods Manifest.lock */,
				B5F95CA32642D2330078B38A /* Sources */,
				B5F95CA42642D2330078B38A /* Frameworks */,
				B5F95CA52642D2330078B38A /* Resources */,
				E1A6424692E5C0175AAF5800 /* [CP] Embed Pods Frameworks */,
			);
			buildRules = (
			);
			dependencies = (
			);
			name = IMKB_Stocks_Indices;
			productName = IMKB_Stocks_Indices;
			productReference = B5F95CA72642D2330078B38A /* IMKB_Stocks_Indices.app */;
			productType = "com.apple.product-type.application";
		};
/* End PBXNativeTarget section */

/* Begin PBXProject section */
		B5F95C9F2642D2330078B38A /* Project object */ = {
			isa = PBXProject;
			attributes = {
				LastSwiftUpdateCheck = 1250;
				LastUpgradeCheck = 1250;
				TargetAttributes = {
					B5F95CA62642D2330078B38A = {
						CreatedOnToolsVersion = 12.5;
					};
				};
			};
			buildConfigurationList = B5F95CA22642D2330078B38A /* Build configuration list for PBXProject "IMKB_Stocks_Indices" */;
			compatibilityVersion = "Xcode 9.3";
			developmentRegion = en;
			hasScannedForEncodings = 0;
			knownRegions = (
				en,
				Base,
			);
			mainGroup = B5F95C9E2642D2330078B38A;
			productRefGroup = B5F95CA82642D2330078B38A /* Products */;
			projectDirPath = "";
			projectRoot = "";
			targets = (
				B5F95CA62642D2330078B38A /* IMKB_Stocks_Indices */,
			);
		};
/* End PBXProject section */

/* Begin PBXResourcesBuildPhase section */
		B5F95CA52642D2330078B38A /* Resources */ = {
			isa = PBXResourcesBuildPhase;
			buildActionMask = 2147483647;
			files = (
				B5F95CB72642D2360078B38A /* LaunchScreen.storyboard in Resources */,
				B5F95CB42642D2360078B38A /* Assets.xcassets in Resources */,
				B5F95CB22642D2330078B38A /* Main.storyboard in Resources */,
			);
			runOnlyForDeploymentPostprocessing = 0;
		};
/* End PBXResourcesBuildPhase section */

/* Begin PBXShellScriptBuildPhase section */
		3A1DB11B7628D9F18F08D914 /* [CP] Check Pods Manifest.lock */ = {
			isa = PBXShellScriptBuildPhase;
			buildActionMask = 2147483647;
			files = (
			);
			inputFileListPaths = (
			);
			inputPaths = (
				"${PODS_PODFILE_DIR_PATH}/Podfile.lock",
				"${PODS_ROOT}/Manifest.lock",
			);
			name = "[CP] Check Pods Manifest.lock";
			outputFileListPaths = (
			);
			outputPaths = (
				"$(DERIVED_FILE_DIR)/Pods-IMKB_Stocks_Indices-checkManifestLockResult.txt",
			);
			runOnlyForDeploymentPostprocessing = 0;
			shellPath = /bin/sh;
			shellScript = "diff \"${PODS_PODFILE_DIR_PATH}/Podfile.lock\" \"${PODS_ROOT}/Manifest.lock\" > /dev/null\nif [ $? != 0 ] ; then\n    # print error to STDERR\n    echo \"error: The sandbox is not in sync with the Podfile.lock. Run 'pod install' or update your CocoaPods installation.\" >&2\n    exit 1\nfi\n# This output is used by Xcode 'outputs' to avoid re-running this script phase.\necho \"SUCCESS\" > \"${SCRIPT_OUTPUT_FILE_0}\"\n";
			showEnvVarsInLog = 0;
		};
		E1A6424692E5C0175AAF5800 /* [CP] Embed Pods Frameworks */ = {
			isa = PBXShellScriptBuildPhase;
			buildActionMask = 2147483647;
			files = (
			);
			inputFileListPaths = (
				"${PODS_ROOT}/Target Support Files/Pods-IMKB_Stocks_Indices/Pods-IMKB_Stocks_Indices-frameworks-${CONFIGURATION}-input-files.xcfilelist",
			);
			name = "[CP] Embed Pods Frameworks";
			outputFileListPaths = (
				"${PODS_ROOT}/Target Support Files/Pods-IMKB_Stocks_Indices/Pods-IMKB_Stocks_Indices-frameworks-${CONFIGURATION}-output-files.xcfilelist",
			);
			runOnlyForDeploymentPostprocessing = 0;
			shellPath = /bin/sh;
			shellScript = "\"${PODS_ROOT}/Target Support Files/Pods-IMKB_Stocks_Indices/Pods-IMKB_Stocks_Indices-frameworks.sh\"\n";
			showEnvVarsInLog = 0;
		};
/* End PBXShellScriptBuildPhase section */

/* Begin PBXSourcesBuildPhase section */
		B5F95CA32642D2330078B38A /* Sources */ = {
			isa = PBXSourcesBuildPhase;
			buildActionMask = 2147483647;
			files = (
				B5F95CD0264312440078B38A /* TestVC.swift in Sources */,
				B5F95CCE2642EE5D0078B38A /* SearchResultsVC.swift in Sources */,
				B5F95CC62642D5030078B38A /* AppCoordinator.swift in Sources */,
				B5F95CDA26432B580078B38A /* DetailsInfoView.swift in Sources */,
				B5F95CCA2642E01F0078B38A /* MainVC.swift in Sources */,
				B5F95CAF2642D2330078B38A /* OnboardingVC.swift in Sources */,
				B5F95CD326431ACC0078B38A /* StocksTableViewCell.swift in Sources */,
				B5F95CC82642D8110078B38A /* UIView+Extensions.swift in Sources */,
				B5F95CAB2642D2330078B38A /* AppDelegate.swift in Sources */,
				B5F95CAD2642D2330078B38A /* SceneDelegate.swift in Sources */,
				B5F95CD826432A2A0078B38A /* DetailsVC.swift in Sources */,
			);
			runOnlyForDeploymentPostprocessing = 0;
		};
/* End PBXSourcesBuildPhase section */

/* Begin PBXVariantGroup section */
		B5F95CB02642D2330078B38A /* Main.storyboard */ = {
			isa = PBXVariantGroup;
			children = (
				B5F95CB12642D2330078B38A /* Base */,
			);
			name = Main.storyboard;
			sourceTree = "<group>";
		};
		B5F95CB52642D2360078B38A /* LaunchScreen.storyboard */ = {
			isa = PBXVariantGroup;
			children = (
				B5F95CB62642D2360078B38A /* Base */,
			);
			name = LaunchScreen.storyboard;
			sourceTree = "<group>";
		};
/* End PBXVariantGroup section */

/* Begin XCBuildConfiguration section */
		B5F95CB92642D2360078B38A /* Debug */ = {
			isa = XCBuildConfiguration;
			buildSettings = {
				ALWAYS_SEARCH_USER_PATHS = NO;
				CLANG_ANALYZER_NONNULL = YES;
				CLANG_ANALYZER_NUMBER_OBJECT_CONVERSION = YES_AGGRESSIVE;
				CLANG_CXX_LANGUAGE_STANDARD = "gnu++14";
				CLANG_CXX_LIBRARY = "libc++";
				CLANG_ENABLE_MODULES = YES;
				CLANG_ENABLE_OBJC_ARC = YES;
				CLANG_ENABLE_OBJC_WEAK = YES;
				CLANG_WARN_BLOCK_CAPTURE_AUTORELEASING = YES;
				CLANG_WARN_BOOL_CONVERSION = YES;
				CLANG_WARN_COMMA = YES;
				CLANG_WARN_CONSTANT_CONVERSION = YES;
				CLANG_WARN_DEPRECATED_OBJC_IMPLEMENTATIONS = YES;
				CLANG_WARN_DIRECT_OBJC_ISA_USAGE = YES_ERROR;
				CLANG_WARN_DOCUMENTATION_COMMENTS = YES;
				CLANG_WARN_EMPTY_BODY = YES;
				CLANG_WARN_ENUM_CONVERSION = YES;
				CLANG_WARN_INFINITE_RECURSION = YES;
				CLANG_WARN_INT_CONVERSION = YES;
				CLANG_WARN_NON_LITERAL_NULL_CONVERSION = YES;
				CLANG_WARN_OBJC_IMPLICIT_RETAIN_SELF = YES;
				CLANG_WARN_OBJC_LITERAL_CONVERSION = YES;
				CLANG_WARN_OBJC_ROOT_CLASS = YES_ERROR;
				CLANG_WARN_QUOTED_INCLUDE_IN_FRAMEWORK_HEADER = YES;
				CLANG_WARN_RANGE_LOOP_ANALYSIS = YES;
				CLANG_WARN_STRICT_PROTOTYPES = YES;
				CLANG_WARN_SUSPICIOUS_MOVE = YES;
				CLANG_WARN_UNGUARDED_AVAILABILITY = YES_AGGRESSIVE;
				CLANG_WARN_UNREACHABLE_CODE = YES;
				CLANG_WARN__DUPLICATE_METHOD_MATCH = YES;
				COPY_PHASE_STRIP = NO;
				DEBUG_INFORMATION_FORMAT = dwarf;
				ENABLE_STRICT_OBJC_MSGSEND = YES;
				ENABLE_TESTABILITY = YES;
				GCC_C_LANGUAGE_STANDARD = gnu11;
				GCC_DYNAMIC_NO_PIC = NO;
				GCC_NO_COMMON_BLOCKS = YES;
				GCC_OPTIMIZATION_LEVEL = 0;
				GCC_PREPROCESSOR_DEFINITIONS = (
					"DEBUG=1",
					"$(inherited)",
				);
				GCC_WARN_64_TO_32_BIT_CONVERSION = YES;
				GCC_WARN_ABOUT_RETURN_TYPE = YES_ERROR;
				GCC_WARN_UNDECLARED_SELECTOR = YES;
				GCC_WARN_UNINITIALIZED_AUTOS = YES_AGGRESSIVE;
				GCC_WARN_UNUSED_FUNCTION = YES;
				GCC_WARN_UNUSED_VARIABLE = YES;
				IPHONEOS_DEPLOYMENT_TARGET = 14.5;
				MTL_ENABLE_DEBUG_INFO = INCLUDE_SOURCE;
				MTL_FAST_MATH = YES;
				ONLY_ACTIVE_ARCH = YES;
				SDKROOT = iphoneos;
				SWIFT_ACTIVE_COMPILATION_CONDITIONS = DEBUG;
				SWIFT_OPTIMIZATION_LEVEL = "-Onone";
			};
			name = Debug;
		};
		B5F95CBA2642D2360078B38A /* Release */ = {
			isa = XCBuildConfiguration;
			buildSettings = {
				ALWAYS_SEARCH_USER_PATHS = NO;
				CLANG_ANALYZER_NONNULL = YES;
				CLANG_ANALYZER_NUMBER_OBJECT_CONVERSION = YES_AGGRESSIVE;
				CLANG_CXX_LANGUAGE_STANDARD = "gnu++14";
				CLANG_CXX_LIBRARY = "libc++";
				CLANG_ENABLE_MODULES = YES;
				CLANG_ENABLE_OBJC_ARC = YES;
				CLANG_ENABLE_OBJC_WEAK = YES;
				CLANG_WARN_BLOCK_CAPTURE_AUTORELEASING = YES;
				CLANG_WARN_BOOL_CONVERSION = YES;
				CLANG_WARN_COMMA = YES;
				CLANG_WARN_CONSTANT_CONVERSION = YES;
				CLANG_WARN_DEPRECATED_OBJC_IMPLEMENTATIONS = YES;
				CLANG_WARN_DIRECT_OBJC_ISA_USAGE = YES_ERROR;
				CLANG_WARN_DOCUMENTATION_COMMENTS = YES;
				CLANG_WARN_EMPTY_BODY = YES;
				CLANG_WARN_ENUM_CONVERSION = YES;
				CLANG_WARN_INFINITE_RECURSION = YES;
				CLANG_WARN_INT_CONVERSION = YES;
				CLANG_WARN_NON_LITERAL_NULL_CONVERSION = YES;
				CLANG_WARN_OBJC_IMPLICIT_RETAIN_SELF = YES;
				CLANG_WARN_OBJC_LITERAL_CONVERSION = YES;
				CLANG_WARN_OBJC_ROOT_CLASS = YES_ERROR;
				CLANG_WARN_QUOTED_INCLUDE_IN_FRAMEWORK_HEADER = YES;
				CLANG_WARN_RANGE_LOOP_ANALYSIS = YES;
				CLANG_WARN_STRICT_PROTOTYPES = YES;
				CLANG_WARN_SUSPICIOUS_MOVE = YES;
				CLANG_WARN_UNGUARDED_AVAILABILITY = YES_AGGRESSIVE;
				CLANG_WARN_UNREACHABLE_CODE = YES;
				CLANG_WARN__DUPLICATE_METHOD_MATCH = YES;
				COPY_PHASE_STRIP = NO;
				DEBUG_INFORMATION_FORMAT = "dwarf-with-dsym";
				ENABLE_NS_ASSERTIONS = NO;
				ENABLE_STRICT_OBJC_MSGSEND = YES;
				GCC_C_LANGUAGE_STANDARD = gnu11;
				GCC_NO_COMMON_BLOCKS = YES;
				GCC_WARN_64_TO_32_BIT_CONVERSION = YES;
				GCC_WARN_ABOUT_RETURN_TYPE = YES_ERROR;
				GCC_WARN_UNDECLARED_SELECTOR = YES;
				GCC_WARN_UNINITIALIZED_AUTOS = YES_AGGRESSIVE;
				GCC_WARN_UNUSED_FUNCTION = YES;
				GCC_WARN_UNUSED_VARIABLE = YES;
				IPHONEOS_DEPLOYMENT_TARGET = 14.5;
				MTL_ENABLE_DEBUG_INFO = NO;
				MTL_FAST_MATH = YES;
				SDKROOT = iphoneos;
				SWIFT_COMPILATION_MODE = wholemodule;
				SWIFT_OPTIMIZATION_LEVEL = "-O";
				VALIDATE_PRODUCT = YES;
			};
			name = Release;
		};
		B5F95CBC2642D2360078B38A /* Debug */ = {
			isa = XCBuildConfiguration;
			baseConfigurationReference = DC99289199F2FE4A763E04A6 /* Pods-IMKB_Stocks_Indices.debug.xcconfig */;
			buildSettings = {
				ASSETCATALOG_COMPILER_APPICON_NAME = AppIcon;
				ASSETCATALOG_COMPILER_GLOBAL_ACCENT_COLOR_NAME = AccentColor;
				CODE_SIGN_STYLE = Automatic;
				DEVELOPMENT_TEAM = 7AYM348U3Y;
				INFOPLIST_FILE = "$(SRCROOT)/IMKB_Stocks_Indices/Support Files/Info.plist";
				LD_RUNPATH_SEARCH_PATHS = (
					"$(inherited)",
					"@executable_path/Frameworks",
				);
				PRODUCT_BUNDLE_IDENTIFIER = "com.bilaldurnagol.IMKB-Stocks-Indices";
				PRODUCT_NAME = "$(TARGET_NAME)";
				SWIFT_VERSION = 5.0;
				TARGETED_DEVICE_FAMILY = "1,2";
			};
			name = Debug;
		};
		B5F95CBD2642D2360078B38A /* Release */ = {
			isa = XCBuildConfiguration;
			baseConfigurationReference = FD0D17AFD5D27F2571EA4534 /* Pods-IMKB_Stocks_Indices.release.xcconfig */;
			buildSettings = {
				ASSETCATALOG_COMPILER_APPICON_NAME = AppIcon;
				ASSETCATALOG_COMPILER_GLOBAL_ACCENT_COLOR_NAME = AccentColor;
				CODE_SIGN_STYLE = Automatic;
				DEVELOPMENT_TEAM = 7AYM348U3Y;
				INFOPLIST_FILE = "$(SRCROOT)/IMKB_Stocks_Indices/Support Files/Info.plist";
				LD_RUNPATH_SEARCH_PATHS = (
					"$(inherited)",
					"@executable_path/Frameworks",
				);
				PRODUCT_BUNDLE_IDENTIFIER = "com.bilaldurnagol.IMKB-Stocks-Indices";
				PRODUCT_NAME = "$(TARGET_NAME)";
				SWIFT_VERSION = 5.0;
				TARGETED_DEVICE_FAMILY = "1,2";
			};
			name = Release;
		};
/* End XCBuildConfiguration section */

/* Begin XCConfigurationList section */
		B5F95CA22642D2330078B38A /* Build configuration list for PBXProject "IMKB_Stocks_Indices" */ = {
			isa = XCConfigurationList;
			buildConfigurations = (
				B5F95CB92642D2360078B38A /* Debug */,
				B5F95CBA2642D2360078B38A /* Release */,
			);
			defaultConfigurationIsVisible = 0;
			defaultConfigurationName = Release;
		};
		B5F95CBB2642D2360078B38A /* Build configuration list for PBXNativeTarget "IMKB_Stocks_Indices" */ = {
			isa = XCConfigurationList;
			buildConfigurations = (
				B5F95CBC2642D2360078B38A /* Debug */,
				B5F95CBD2642D2360078B38A /* Release */,
			);
			defaultConfigurationIsVisible = 0;
			defaultConfigurationName = Release;
		};
/* End XCConfigurationList section */
	};
	rootObject = B5F95C9F2642D2330078B38A /* Project object */;
}
